
Microsoft Visual Studio Solution File, Format Version 12.00
# Visual Studio 15
VisualStudioVersion = 15.0.27130.2036
MinimumVisualStudioVersion = 10.0.40219.1
Project("{FAE04EC0-301F-11D3-BF4B-00C04F79EFBC}") = "Prototype.Android", "Prototype\Prototype.Android\Prototype.Android.csproj", "{D46C31DE-B4B6-4018-9AE0-C82962624FDD}"
EndProject
Project("{FAE04EC0-301F-11D3-BF4B-00C04F79EFBC}") = "Prototype", "Prototype\Prototype\Prototype.csproj", "{A505E574-F3E9-4948-928C-2FD8AF1DB3A2}"
EndProject
Project("{FAE04EC0-301F-11D3-BF4B-00C04F79EFBC}") = "Prototype.iOS", "Prototype\Prototype.iOS\Prototype.iOS.csproj", "{7CF3DD9A-8E5C-4D90-96F5-0173E57C1A85}"
EndProject
Project("{FAE04EC0-301F-11D3-BF4B-00C04F79EFBC}") = "UITest1", "UITest1\UITest1.csproj", "{5938F03A-E3FA-4619-BE22-E0A44617E538}"
EndProject
Global
	GlobalSection(SolutionConfigurationPlatforms) = preSolution
		Ad-Hoc|Any CPU = Ad-Hoc|Any CPU
		Ad-Hoc|iPhone = Ad-Hoc|iPhone
		Ad-Hoc|iPhoneSimulator = Ad-Hoc|iPhoneSimulator
		AppStore|Any CPU = AppStore|Any CPU
		AppStore|iPhone = AppStore|iPhone
		AppStore|iPhoneSimulator = AppStore|iPhoneSimulator
		Debug|Any CPU = Debug|Any CPU
		Debug|iPhone = Debug|iPhone
		Debug|iPhoneSimulator = Debug|iPhoneSimulator
		Release|Any CPU = Release|Any CPU
		Release|iPhone = Release|iPhone
		Release|iPhoneSimulator = Release|iPhoneSimulator
	EndGlobalSection
	GlobalSection(ProjectConfigurationPlatforms) = postSolution
		{D46C31DE-B4B6-4018-9AE0-C82962624FDD}.Ad-Hoc|Any CPU.ActiveCfg = Release|Any CPU
		{D46C31DE-B4B6-4018-9AE0-C82962624FDD}.Ad-Hoc|Any CPU.Build.0 = Release|Any CPU
		{D46C31DE-B4B6-4018-9AE0-C82962624FDD}.Ad-Hoc|Any CPU.Deploy.0 = Release|Any CPU
		{D46C31DE-B4B6-4018-9AE0-C82962624FDD}.Ad-Hoc|iPhone.ActiveCfg = Release|Any CPU
		{D46C31DE-B4B6-4018-9AE0-C82962624FDD}.Ad-Hoc|iPhone.Build.0 = Release|Any CPU
		{D46C31DE-B4B6-4018-9AE0-C82962624FDD}.Ad-Hoc|iPhone.Deploy.0 = Release|Any CPU
		{D46C31DE-B4B6-4018-9AE0-C82962624FDD}.Ad-Hoc|iPhoneSimulator.ActiveCfg = Release|Any CPU
		{D46C31DE-B4B6-4018-9AE0-C82962624FDD}.Ad-Hoc|iPhoneSimulator.Build.0 = Release|Any CPU
		{D46C31DE-B4B6-4018-9AE0-C82962624FDD}.Ad-Hoc|iPhoneSimulator.Deploy.0 = Release|Any CPU
		{D46C31DE-B4B6-4018-9AE0-C82962624FDD}.AppStore|Any CPU.ActiveCfg = Release|Any CPU
		{D46C31DE-B4B6-4018-9AE0-C82962624FDD}.AppStore|Any CPU.Build.0 = Release|Any CPU
		{D46C31DE-B4B6-4018-9AE0-C82962624FDD}.AppStore|Any CPU.Deploy.0 = Release|Any CPU
		{D46C31DE-B4B6-4018-9AE0-C82962624FDD}.AppStore|iPhone.ActiveCfg = Release|Any CPU
		{D46C31DE-B4B6-4018-9AE0-C82962624FDD}.AppStore|iPhone.Build.0 = Release|Any CPU
		{D46C31DE-B4B6-4018-9AE0-C82962624FDD}.AppStore|iPhone.Deploy.0 = Release|Any CPU
		{D46C31DE-B4B6-4018-9AE0-C82962624FDD}.AppStore|iPhoneSimulator.ActiveCfg = Release|Any CPU
		{D46C31DE-B4B6-4018-9AE0-C82962624FDD}.AppStore|iPhoneSimulator.Build.0 = Release|Any CPU
		{D46C31DE-B4B6-4018-9AE0-C82962624FDD}.AppStore|iPhoneSimulator.Deploy.0 = Release|Any CPU
		{D46C31DE-B4B6-4018-9AE0-C82962624FDD}.Debug|Any CPU.ActiveCfg = Debug|Any CPU
		{D46C31DE-B4B6-4018-9AE0-C82962624FDD}.Debug|Any CPU.Build.0 = Debug|Any CPU
		{D46C31DE-B4B6-4018-9AE0-C82962624FDD}.Debug|Any CPU.Deploy.0 = Debug|Any CPU
		{D46C31DE-B4B6-4018-9AE0-C82962624FDD}.Debug|iPhone.ActiveCfg = Debug|Any CPU
		{D46C31DE-B4B6-4018-9AE0-C82962624FDD}.Debug|iPhone.Build.0 = Debug|Any CPU
		{D46C31DE-B4B6-4018-9AE0-C82962624FDD}.Debug|iPhone.Deploy.0 = Debug|Any CPU
		{D46C31DE-B4B6-4018-9AE0-C82962624FDD}.Debug|iPhoneSimulator.ActiveCfg = Debug|Any CPU
		{D46C31DE-B4B6-4018-9AE0-C82962624FDD}.Debug|iPhoneSimulator.Build.0 = Debug|Any CPU
		{D46C31DE-B4B6-4018-9AE0-C82962624FDD}.Debug|iPhoneSimulator.Deploy.0 = Debug|Any CPU
		{D46C31DE-B4B6-4018-9AE0-C82962624FDD}.Release|Any CPU.ActiveCfg = Release|Any CPU
		{D46C31DE-B4B6-4018-9AE0-C82962624FDD}.Release|Any CPU.Build.0 = Release|Any CPU
		{D46C31DE-B4B6-4018-9AE0-C82962624FDD}.Release|Any CPU.Deploy.0 = Release|Any CPU
		{D46C31DE-B4B6-4018-9AE0-C82962624FDD}.Release|iPhone.ActiveCfg = Release|Any CPU
		{D46C31DE-B4B6-4018-9AE0-C82962624FDD}.Release|iPhone.Build.0 = Release|Any CPU
		{D46C31DE-B4B6-4018-9AE0-C82962624FDD}.Release|iPhone.Deploy.0 = Release|Any CPU
		{D46C31DE-B4B6-4018-9AE0-C82962624FDD}.Release|iPhoneSimulator.ActiveCfg = Release|Any CPU
		{D46C31DE-B4B6-4018-9AE0-C82962624FDD}.Release|iPhoneSimulator.Build.0 = Release|Any CPU
		{D46C31DE-B4B6-4018-9AE0-C82962624FDD}.Release|iPhoneSimulator.Deploy.0 = Release|Any CPU
		{A505E574-F3E9-4948-928C-2FD8AF1DB3A2}.Ad-Hoc|Any CPU.ActiveCfg = Release|Any CPU
		{A505E574-F3E9-4948-928C-2FD8AF1DB3A2}.Ad-Hoc|Any CPU.Build.0 = Release|Any CPU
		{A505E574-F3E9-4948-928C-2FD8AF1DB3A2}.Ad-Hoc|iPhone.ActiveCfg = Release|Any CPU
		{A505E574-F3E9-4948-928C-2FD8AF1DB3A2}.Ad-Hoc|iPhone.Build.0 = Release|Any CPU
		{A505E574-F3E9-4948-928C-2FD8AF1DB3A2}.Ad-Hoc|iPhoneSimulator.ActiveCfg = Release|Any CPU
		{A505E574-F3E9-4948-928C-2FD8AF1DB3A2}.Ad-Hoc|iPhoneSimulator.Build.0 = Release|Any CPU
		{A505E574-F3E9-4948-928C-2FD8AF1DB3A2}.AppStore|Any CPU.ActiveCfg = Release|Any CPU
		{A505E574-F3E9-4948-928C-2FD8AF1DB3A2}.AppStore|Any CPU.Build.0 = Release|Any CPU
		{A505E574-F3E9-4948-928C-2FD8AF1DB3A2}.AppStore|iPhone.ActiveCfg = Release|Any CPU
		{A505E574-F3E9-4948-928C-2FD8AF1DB3A2}.AppStore|iPhone.Build.0 = Release|Any CPU
		{A505E574-F3E9-4948-928C-2FD8AF1DB3A2}.AppStore|iPhoneSimulator.ActiveCfg = Release|Any CPU
		{A505E574-F3E9-4948-928C-2FD8AF1DB3A2}.AppStore|iPhoneSimulator.Build.0 = Release|Any CPU
		{A505E574-F3E9-4948-928C-2FD8AF1DB3A2}.Debug|Any CPU.ActiveCfg = Debug|Any CPU
		{A505E574-F3E9-4948-928C-2FD8AF1DB3A2}.Debug|Any CPU.Build.0 = Debug|Any CPU
		{A505E574-F3E9-4948-928C-2FD8AF1DB3A2}.Debug|iPhone.ActiveCfg = Debug|Any CPU
		{A505E574-F3E9-4948-928C-2FD8AF1DB3A2}.Debug|iPhone.Build.0 = Debug|Any CPU
		{A505E574-F3E9-4948-928C-2FD8AF1DB3A2}.Debug|iPhoneSimulator.ActiveCfg = Debug|Any CPU
		{A505E574-F3E9-4948-928C-2FD8AF1DB3A2}.Debug|iPhoneSimulator.Build.0 = Debug|Any CPU
		{A505E574-F3E9-4948-928C-2FD8AF1DB3A2}.Release|Any CPU.ActiveCfg = Release|Any CPU
		{A505E574-F3E9-4948-928C-2FD8AF1DB3A2}.Release|Any CPU.Build.0 = Release|Any CPU
		{A505E574-F3E9-4948-928C-2FD8AF1DB3A2}.Release|iPhone.ActiveCfg = Release|Any CPU
		{A505E574-F3E9-4948-928C-2FD8AF1DB3A2}.Release|iPhone.Build.0 = Release|Any CPU
		{A505E574-F3E9-4948-928C-2FD8AF1DB3A2}.Release|iPhoneSimulator.ActiveCfg = Release|Any CPU
		{A505E574-F3E9-4948-928C-2FD8AF1DB3A2}.Release|iPhoneSimulator.Build.0 = Release|Any CPU
		{7CF3DD9A-8E5C-4D90-96F5-0173E57C1A85}.Ad-Hoc|Any CPU.ActiveCfg = Ad-Hoc|iPhoneSimulator
		{7CF3DD9A-8E5C-4D90-96F5-0173E57C1A85}.Ad-Hoc|iPhone.ActiveCfg = Ad-Hoc|iPhone
		{7CF3DD9A-8E5C-4D90-96F5-0173E57C1A85}.Ad-Hoc|iPhone.Build.0 = Ad-Hoc|iPhone
		{7CF3DD9A-8E5C-4D90-96F5-0173E57C1A85}.Ad-Hoc|iPhoneSimulator.ActiveCfg = Ad-Hoc|iPhoneSimulator
		{7CF3DD9A-8E5C-4D90-96F5-0173E57C1A85}.Ad-Hoc|iPhoneSimulator.Build.0 = Ad-Hoc|iPhoneSimulator
		{7CF3DD9A-8E5C-4D90-96F5-0173E57C1A85}.AppStore|Any CPU.ActiveCfg = AppStore|iPhoneSimulator
		{7CF3DD9A-8E5C-4D90-96F5-0173E57C1A85}.AppStore|iPhone.ActiveCfg = AppStore|iPhone
		{7CF3DD9A-8E5C-4D90-96F5-0173E57C1A85}.AppStore|iPhone.Build.0 = AppStore|iPhone
		{7CF3DD9A-8E5C-4D90-96F5-0173E57C1A85}.AppStore|iPhoneSimulator.ActiveCfg = AppStore|iPhoneSimulator
		{7CF3DD9A-8E5C-4D90-96F5-0173E57C1A85}.AppStore|iPhoneSimulator.Build.0 = AppStore|iPhoneSimulator
		{7CF3DD9A-8E5C-4D90-96F5-0173E57C1A85}.Debug|Any CPU.ActiveCfg = Debug|iPhoneSimulator
		{7CF3DD9A-8E5C-4D90-96F5-0173E57C1A85}.Debug|Any CPU.Build.0 = Debug|iPhoneSimulator
		{7CF3DD9A-8E5C-4D90-96F5-0173E57C1A85}.Debug|iPhone.ActiveCfg = Debug|iPhone
		{7CF3DD9A-8E5C-4D90-96F5-0173E57C1A85}.Debug|iPhone.Build.0 = Debug|iPhone
		{7CF3DD9A-8E5C-4D90-96F5-0173E57C1A85}.Debug|iPhoneSimulator.ActiveCfg = Debug|iPhoneSimulator
		{7CF3DD9A-8E5C-4D90-96F5-0173E57C1A85}.Debug|iPhoneSimulator.Build.0 = Debug|iPhoneSimulator
		{7CF3DD9A-8E5C-4D90-96F5-0173E57C1A85}.Release|Any CPU.ActiveCfg = Release|iPhoneSimulator
		{7CF3DD9A-8E5C-4D90-96F5-0173E57C1A85}.Release|iPhone.ActiveCfg = Release|iPhone
		{7CF3DD9A-8E5C-4D90-96F5-0173E57C1A85}.Release|iPhone.Build.0 = Release|iPhone
		{7CF3DD9A-8E5C-4D90-96F5-0173E57C1A85}.Release|iPhoneSimulator.ActiveCfg = Release|iPhoneSimulator
		{7CF3DD9A-8E5C-4D90-96F5-0173E57C1A85}.Release|iPhoneSimulator.Build.0 = Release|iPhoneSimulator
		{5938F03A-E3FA-4619-BE22-E0A44617E538}.Ad-Hoc|Any CPU.ActiveCfg = Release|Any CPU
		{5938F03A-E3FA-4619-BE22-E0A44617E538}.Ad-Hoc|Any CPU.Build.0 = Release|Any CPU
		{5938F03A-E3FA-4619-BE22-E0A44617E538}.Ad-Hoc|iPhone.ActiveCfg = Release|Any CPU
		{5938F03A-E3FA-4619-BE22-E0A44617E538}.Ad-Hoc|iPhone.Build.0 = Release|Any CPU
		{5938F03A-E3FA-4619-BE22-E0A44617E538}.Ad-Hoc|iPhoneSimulator.ActiveCfg = Release|Any CPU
		{5938F03A-E3FA-4619-BE22-E0A44617E538}.Ad-Hoc|iPhoneSimulator.Build.0 = Release|Any CPU
		{5938F03A-E3FA-4619-BE22-E0A44617E538}.AppStore|Any CPU.ActiveCfg = Release|Any CPU
		{5938F03A-E3FA-4619-BE22-E0A44617E538}.AppStore|Any CPU.Build.0 = Release|Any CPU
		{5938F03A-E3FA-4619-BE22-E0A44617E538}.AppStore|iPhone.ActiveCfg = Release|Any CPU
		{5938F03A-E3FA-4619-BE22-E0A44617E538}.AppStore|iPhone.Build.0 = Release|Any CPU
		{5938F03A-E3FA-4619-BE22-E0A44617E538}.AppStore|iPhoneSimulator.ActiveCfg = Release|Any CPU
		{5938F03A-E3FA-4619-BE22-E0A44617E538}.AppStore|iPhoneSimulator.Build.0 = Release|Any CPU
		{5938F03A-E3FA-4619-BE22-E0A44617E538}.Debug|Any CPU.ActiveCfg = Debug|Any CPU
		{5938F03A-E3FA-4619-BE22-E0A44617E538}.Debug|Any CPU.Build.0 = Debug|Any CPU
		{5938F03A-E3FA-4619-BE22-E0A44617E538}.Debug|iPhone.ActiveCfg = Debug|Any CPU
		{5938F03A-E3FA-4619-BE22-E0A44617E538}.Debug|iPhone.Build.0 = Debug|Any CPU
		{5938F03A-E3FA-4619-BE22-E0A44617E538}.Debug|iPhoneSimulator.ActiveCfg = Debug|Any CPU
		{5938F03A-E3FA-4619-BE22-E0A44617E538}.Debug|iPhoneSimulator.Build.0 = Debug|Any CPU
		{5938F03A-E3FA-4619-BE22-E0A44617E538}.Release|Any CPU.ActiveCfg = Release|Any CPU
		{5938F03A-E3FA-4619-BE22-E0A44617E538}.Release|Any CPU.Build.0 = Release|Any CPU
		{5938F03A-E3FA-4619-BE22-E0A44617E538}.Release|iPhone.ActiveCfg = Release|Any CPU
		{5938F03A-E3FA-4619-BE22-E0A44617E538}.Release|iPhone.Build.0 = Release|Any CPU
		{5938F03A-E3FA-4619-BE22-E0A44617E538}.Release|iPhoneSimulator.ActiveCfg = Release|Any CPU
		{5938F03A-E3FA-4619-BE22-E0A44617E538}.Release|iPhoneSimulator.Build.0 = Release|Any CPU
	EndGlobalSection
	GlobalSection(SolutionProperties) = preSolution
		HideSolutionNode = FALSE
	EndGlobalSection
	GlobalSection(ExtensibilityGlobals) = postSolution
		SolutionGuid = {DE71DDF6-B107-4563-87EA-BCCCB7624723}
	EndGlobalSection
EndGlobal
